
Microsoft Visual Studio Solution File, Format Version 12.00
# Visual Studio 15
VisualStudioVersion = 15.0.26730.3
MinimumVisualStudioVersion = 10.0.40219.1
Project("{2150E333-8FDC-42A3-9474-1A3956D46DE8}") = "src", "src", "{185F6DCE-3239-45A9-AC04-BEE742C3F457}"
EndProject
Project("{2150E333-8FDC-42A3-9474-1A3956D46DE8}") = "Solution Items", "Solution Items", "{01706FCD-BF79-4B07-A3A3-B5BF9666901A}"
	ProjectSection(SolutionItems) = preProject
		.gitignore = .gitignore
		LICENSE.md = LICENSE.md
		README.md = README.md
		SharedAssemblyVersion.cs = SharedAssemblyVersion.cs
	EndProjectSection
EndProject
Project("{2150E333-8FDC-42A3-9474-1A3956D46DE8}") = "test", "test", "{6C24733A-B1F7-4AF0-8885-DC35B0084EBE}"
EndProject
Project("{9A19103F-16F7-4668-BE54-9A1E7A4F7556}") = "Reminiscence", "src\Reminiscence\Reminiscence.csproj", "{6483D70A-ACD7-4B9D-9D7D-F45A4AE68EBB}"
EndProject
Project("{9A19103F-16F7-4668-BE54-9A1E7A4F7556}") = "Reminiscence.Tests", "test\Reminiscence.Tests\Reminiscence.Tests.csproj", "{19AFA11D-531C-4656-98DD-E75ACA1FE20F}"
EndProject
Project("{2150E333-8FDC-42A3-9474-1A3956D46DE8}") = "nuspec", "nuspec", "{0FD9E667-4D52-4A77-987D-204C41B42C0D}"
	ProjectSection(SolutionItems) = preProject
		nuspec\icon.png = nuspec\icon.png
	EndProjectSection
EndProject
Project("{9A19103F-16F7-4668-BE54-9A1E7A4F7556}") = "Reminiscence.Stresstests", "test\Reminiscence.Stresstests\Reminiscence.Stresstests.csproj", "{D367BB44-4CFC-465F-93AD-2B8DF934EAD0}"
EndProject
Project("{2150E333-8FDC-42A3-9474-1A3956D46DE8}") = "docs", "docs", "{4BAC4C8D-36C4-4EAD-BF9A-69BD131E6B37}"
EndProject
Project("{2150E333-8FDC-42A3-9474-1A3956D46DE8}") = "releasenotes", "releasenotes", "{DA6A54B4-688A-4CF1-8314-AC86F6569FAB}"
	ProjectSection(SolutionItems) = preProject
		docs\releasenotes\reminiscence-1.1.0.md = docs\releasenotes\reminiscence-1.1.0.md
		docs\releasenotes\reminiscence-1.2.0.md = docs\releasenotes\reminiscence-1.2.0.md
		docs\releasenotes\reminiscence-1.3.0.md = docs\releasenotes\reminiscence-1.3.0.md
	EndProjectSection
EndProject
Global
	GlobalSection(SolutionConfigurationPlatforms) = preSolution
		Debug|Any CPU = Debug|Any CPU
		Release|Any CPU = Release|Any CPU
	EndGlobalSection
	GlobalSection(ProjectConfigurationPlatforms) = postSolution
		{6483D70A-ACD7-4B9D-9D7D-F45A4AE68EBB}.Debug|Any CPU.ActiveCfg = Debug|Any CPU
		{6483D70A-ACD7-4B9D-9D7D-F45A4AE68EBB}.Debug|Any CPU.Build.0 = Debug|Any CPU
		{6483D70A-ACD7-4B9D-9D7D-F45A4AE68EBB}.Release|Any CPU.ActiveCfg = Release|Any CPU
		{6483D70A-ACD7-4B9D-9D7D-F45A4AE68EBB}.Release|Any CPU.Build.0 = Release|Any CPU
		{19AFA11D-531C-4656-98DD-E75ACA1FE20F}.Debug|Any CPU.ActiveCfg = Debug|Any CPU
		{19AFA11D-531C-4656-98DD-E75ACA1FE20F}.Debug|Any CPU.Build.0 = Debug|Any CPU
		{19AFA11D-531C-4656-98DD-E75ACA1FE20F}.Release|Any CPU.ActiveCfg = Release|Any CPU
		{19AFA11D-531C-4656-98DD-E75ACA1FE20F}.Release|Any CPU.Build.0 = Release|Any CPU
		{D367BB44-4CFC-465F-93AD-2B8DF934EAD0}.Debug|Any CPU.ActiveCfg = Debug|Any CPU
		{D367BB44-4CFC-465F-93AD-2B8DF934EAD0}.Debug|Any CPU.Build.0 = Debug|Any CPU
		{D367BB44-4CFC-465F-93AD-2B8DF934EAD0}.Release|Any CPU.ActiveCfg = Release|Any CPU
		{D367BB44-4CFC-465F-93AD-2B8DF934EAD0}.Release|Any CPU.Build.0 = Release|Any CPU
	EndGlobalSection
	GlobalSection(SolutionProperties) = preSolution
		HideSolutionNode = FALSE
	EndGlobalSection
	GlobalSection(NestedProjects) = preSolution
		{6483D70A-ACD7-4B9D-9D7D-F45A4AE68EBB} = {185F6DCE-3239-45A9-AC04-BEE742C3F457}
		{19AFA11D-531C-4656-98DD-E75ACA1FE20F} = {6C24733A-B1F7-4AF0-8885-DC35B0084EBE}
		{D367BB44-4CFC-465F-93AD-2B8DF934EAD0} = {6C24733A-B1F7-4AF0-8885-DC35B0084EBE}
		{DA6A54B4-688A-4CF1-8314-AC86F6569FAB} = {4BAC4C8D-36C4-4EAD-BF9A-69BD131E6B37}
	EndGlobalSection
	GlobalSection(ExtensibilityGlobals) = postSolution
		SolutionGuid = {7E1B6B99-E6DD-475F-99E7-BAB76D59F339}
	EndGlobalSection
EndGlobal
