
Microsoft Visual Studio Solution File, Format Version 12.00
# Visual Studio 2013
VisualStudioVersion = 12.0.30723.0
MinimumVisualStudioVersion = 10.0.40219.1
Project("{FAE04EC0-301F-11D3-BF4B-00C04F79EFBC}") = "Reminiscence", "Reminiscence\Reminiscence.csproj", "{A5AAD5C6-1C00-49BB-8CA8-8AE8C445BDCD}"
EndProject
Project("{FAE04EC0-301F-11D3-BF4B-00C04F79EFBC}") = "Reminiscence.Tests", "Reminiscence.Tests\Reminiscence.Tests.csproj", "{B4DE8901-0C34-40FB-A944-CD23F3F1C812}"
EndProject
Project("{FAE04EC0-301F-11D3-BF4B-00C04F79EFBC}") = "Reminiscense.Stresstests", "Reminiscense.Stresstests\Reminiscense.Stresstests.csproj", "{C575FCEF-CC01-4321-9DA2-A3E80D00281E}"
EndProject
Global
	GlobalSection(SolutionConfigurationPlatforms) = preSolution
		Debug|Any CPU = Debug|Any CPU
		Release|Any CPU = Release|Any CPU
	EndGlobalSection
	GlobalSection(ProjectConfigurationPlatforms) = postSolution
		{A5AAD5C6-1C00-49BB-8CA8-8AE8C445BDCD}.Debug|Any CPU.ActiveCfg = Debug|Any CPU
		{A5AAD5C6-1C00-49BB-8CA8-8AE8C445BDCD}.Debug|Any CPU.Build.0 = Debug|Any CPU
		{A5AAD5C6-1C00-49BB-8CA8-8AE8C445BDCD}.Release|Any CPU.ActiveCfg = Release|Any CPU
		{A5AAD5C6-1C00-49BB-8CA8-8AE8C445BDCD}.Release|Any CPU.Build.0 = Release|Any CPU
		{B4DE8901-0C34-40FB-A944-CD23F3F1C812}.Debug|Any CPU.ActiveCfg = Debug|Any CPU
		{B4DE8901-0C34-40FB-A944-CD23F3F1C812}.Debug|Any CPU.Build.0 = Debug|Any CPU
		{B4DE8901-0C34-40FB-A944-CD23F3F1C812}.Release|Any CPU.ActiveCfg = Release|Any CPU
		{B4DE8901-0C34-40FB-A944-CD23F3F1C812}.Release|Any CPU.Build.0 = Release|Any CPU
		{C575FCEF-CC01-4321-9DA2-A3E80D00281E}.Debug|Any CPU.ActiveCfg = Debug|Any CPU
		{C575FCEF-CC01-4321-9DA2-A3E80D00281E}.Debug|Any CPU.Build.0 = Debug|Any CPU
		{C575FCEF-CC01-4321-9DA2-A3E80D00281E}.Release|Any CPU.ActiveCfg = Release|Any CPU
		{C575FCEF-CC01-4321-9DA2-A3E80D00281E}.Release|Any CPU.Build.0 = Release|Any CPU
	EndGlobalSection
	GlobalSection(SolutionProperties) = preSolution
		HideSolutionNode = FALSE
	EndGlobalSection
EndGlobal
