
Microsoft Visual Studio Solution File, Format Version 12.00
# Visual Studio 15
VisualStudioVersion = 15.0.26403.7
MinimumVisualStudioVersion = 10.0.40219.1
Project("{2150E333-8FDC-42A3-9474-1A3956D46DE8}") = "src", "src", "{185F6DCE-3239-45A9-AC04-BEE742C3F457}"
EndProject
Project("{2150E333-8FDC-42A3-9474-1A3956D46DE8}") = "Solution Items", "Solution Items", "{01706FCD-BF79-4B07-A3A3-B5BF9666901A}"
	ProjectSection(SolutionItems) = preProject
		.gitignore = .gitignore
		license.md = license.md
		README.md = README.md
	EndProjectSection
EndProject
Project("{2150E333-8FDC-42A3-9474-1A3956D46DE8}") = "test", "test", "{6C24733A-B1F7-4AF0-8885-DC35B0084EBE}"
EndProject
Project("{2150E333-8FDC-42A3-9474-1A3956D46DE8}") = "nuspec", "nuspec", "{8BEE6496-C8C3-4815-8481-530E6706717B}"
	ProjectSection(SolutionItems) = preProject
		nuspec\Reminiscence.nuspec = nuspec\Reminiscence.nuspec
	EndProjectSection
EndProject
Project("{9A19103F-16F7-4668-BE54-9A1E7A4F7556}") = "Reminiscence", "src\Reminiscence\Reminiscence.csproj", "{5F010D3C-8868-4D63-84FC-2F806D365CEE}"
EndProject
Project("{9A19103F-16F7-4668-BE54-9A1E7A4F7556}") = "Reminiscence.Stresstests", "src\Reminiscence.Stresstests\Reminiscence.Stresstests.csproj", "{283531F9-7F85-44D2-9A60-E35979BB5636}"
EndProject
Project("{9A19103F-16F7-4668-BE54-9A1E7A4F7556}") = "Reminiscence.Tests", "test\Reminiscence.Tests\Reminiscence.Tests.csproj", "{7109CA81-8FE9-4694-8205-91C6A7FE548F}"
EndProject
Global
	GlobalSection(SolutionConfigurationPlatforms) = preSolution
		Debug|Any CPU = Debug|Any CPU
		Release|Any CPU = Release|Any CPU
	EndGlobalSection
	GlobalSection(ProjectConfigurationPlatforms) = postSolution
		{5F010D3C-8868-4D63-84FC-2F806D365CEE}.Debug|Any CPU.ActiveCfg = Debug|Any CPU
		{5F010D3C-8868-4D63-84FC-2F806D365CEE}.Debug|Any CPU.Build.0 = Debug|Any CPU
		{5F010D3C-8868-4D63-84FC-2F806D365CEE}.Release|Any CPU.ActiveCfg = Release|Any CPU
		{5F010D3C-8868-4D63-84FC-2F806D365CEE}.Release|Any CPU.Build.0 = Release|Any CPU
		{283531F9-7F85-44D2-9A60-E35979BB5636}.Debug|Any CPU.ActiveCfg = Debug|Any CPU
		{283531F9-7F85-44D2-9A60-E35979BB5636}.Debug|Any CPU.Build.0 = Debug|Any CPU
		{283531F9-7F85-44D2-9A60-E35979BB5636}.Release|Any CPU.ActiveCfg = Release|Any CPU
		{283531F9-7F85-44D2-9A60-E35979BB5636}.Release|Any CPU.Build.0 = Release|Any CPU
		{7109CA81-8FE9-4694-8205-91C6A7FE548F}.Debug|Any CPU.ActiveCfg = Debug|Any CPU
		{7109CA81-8FE9-4694-8205-91C6A7FE548F}.Debug|Any CPU.Build.0 = Debug|Any CPU
		{7109CA81-8FE9-4694-8205-91C6A7FE548F}.Release|Any CPU.ActiveCfg = Release|Any CPU
		{7109CA81-8FE9-4694-8205-91C6A7FE548F}.Release|Any CPU.Build.0 = Release|Any CPU
	EndGlobalSection
	GlobalSection(SolutionProperties) = preSolution
		HideSolutionNode = FALSE
	EndGlobalSection
	GlobalSection(NestedProjects) = preSolution
		{5F010D3C-8868-4D63-84FC-2F806D365CEE} = {185F6DCE-3239-45A9-AC04-BEE742C3F457}
		{283531F9-7F85-44D2-9A60-E35979BB5636} = {185F6DCE-3239-45A9-AC04-BEE742C3F457}
		{7109CA81-8FE9-4694-8205-91C6A7FE548F} = {6C24733A-B1F7-4AF0-8885-DC35B0084EBE}
	EndGlobalSection
EndGlobal
